Microsoft Visual Studio Solution File, Format Version 12.00
# Visual Studio Version 17
VisualStudioVersion = 17.9.34728.123
MinimumVisualStudioVersion = 10.0.40219.1
Project("{9A19103F-16F7-4668-BE54-9A1E7A4F7556}") = "ADVS", "ADVS.csproj", "{38EA3BAF-6D4A-42AD-B026-C36133BA3929}"
EndProject
Global
	GlobalSection(SolutionConfigurationPlatforms) = preSolution
		Debug|Any CPU = Debug|Any CPU
		Release|Any CPU = Release|Any CPU
	EndGlobalSection
	GlobalSection(ProjectConfigurationPlatforms) = postSolution
		{38EA3BAF-6D4A-42AD-B026-C36133BA3929}.Debug|Any CPU.ActiveCfg = Debug|Any CPU
		{38EA3BAF-6D4A-42AD-B026-C36133BA3929}.Debug|Any CPU.Build.0 = Debug|Any CPU
		{38EA3BAF-6D4A-42AD-B026-C36133BA3929}.Release|Any CPU.ActiveCfg = Release|Any CPU
		{38EA3BAF-6D4A-42AD-B026-C36133BA3929}.Release|Any CPU.Build.0 = Release|Any CPU
	EndGlobalSection
	GlobalSection(SolutionProperties) = preSolution
		HideSolutionNode = FALSE
	EndGlobalSection
	GlobalSection(ExtensibilityGlobals) = postSolution
		SolutionGuid = {E09DE10B-94A5-4BE3-AA1D-D91F339656D1}
	EndGlobalSection
EndGlobal
